
Microsoft Visual Studio Solution File, Format Version 12.00
# Visual Studio Version 18
VisualStudioVersion = 18.3.11527.330
MinimumVisualStudioVersion = 10.0.40219.1
Project("{9A19103F-16F7-4668-BE54-9A1E7A4F7556}") = "Quant.Infra.Net.Tests", "Quant.Infra.Net.Tests\Quant.Infra.Net.Tests.csproj", "{51FE4E76-EBC7-4CAD-920F-9E9184C8381A}"
EndProject
Project("{9A19103F-16F7-4668-BE54-9A1E7A4F7556}") = "Quant.Infra.Net", "Quant.Infra.Net\Quant.Infra.Net.csproj", "{70E19226-664D-495E-A609-AE8ECC266F26}"
EndProject
Project("{FAE04EC0-301F-11D3-BF4B-00C04F79EFBC}") = "MyQuantApp", "MyQuantApp\MyQuantApp.csproj", "{A8370D05-04D8-BFDF-CCB8-EE75AC2E0E57}"
EndProject
Project("{FAE04EC0-301F-11D3-BF4B-00C04F79EFBC}") = "Quant.Infra.Net.Orchestration", "Quant.Infra.Net.Orchestration\Quant.Infra.Net.Orchestration.csproj", "{89F34FEC-6272-4C4F-8BF3-A8565685DDC3}"
EndProject
Project("{FAE04EC0-301F-11D3-BF4B-00C04F79EFBC}") = "Quant.Infra.Net.Orchestration.Tests", "Quant.Infra.Net.Orchestration.Tests\Quant.Infra.Net.Orchestration.Tests.csproj", "{2DE1F200-D5C7-44DA-8503-C02E2E4BD383}"
EndProject
Project("{FAE04EC0-301F-11D3-BF4B-00C04F79EFBC}") = "Quant.Infra.Net.Backtest", "Quant.Infra.Net.Backtest\Quant.Infra.Net.Backtest.csproj", "{D0F04AD8-DAFB-46FC-B050-285079B9E9E3}"
EndProject
Project("{FAE04EC0-301F-11D3-BF4B-00C04F79EFBC}") = "Quant.Infra.Net.Backtest.Tests", "Quant.Infra.Net.Backtest.Tests\Quant.Infra.Net.Backtest.Tests.csproj", "{3670F6E8-4E6D-41A9-9810-11F4103131B0}"
EndProject
Project("{FAE04EC0-301F-11D3-BF4B-00C04F79EFBC}") = "Quant.Infra.Net.Runtime", "Quant.Infra.Net.Runtime\Quant.Infra.Net.Runtime.csproj", "{E8716B97-B4FB-4E69-865F-EFD786B4F9E2}"
EndProject
Project("{FAE04EC0-301F-11D3-BF4B-00C04F79EFBC}") = "Quant.Infra.Net.Runtime.Tests", "Quant.Infra.Net.Runtime.Tests\Quant.Infra.Net.Runtime.Tests.csproj", "{27CF5905-48FD-42C5-9E9F-FE6ACC73419D}"
EndProject
Project("{FAE04EC0-301F-11D3-BF4B-00C04F79EFBC}") = "Quant.Infra.Net.Runtime.Console", "Quant.Infra.Net.Runtime.Console\Quant.Infra.Net.Runtime.Console.csproj", "{8DE91F47-8CCE-47E2-9DB9-2E7EB8444CBC}"
EndProject
Project("{FAE04EC0-301F-11D3-BF4B-00C04F79EFBC}") = "Quant.Infra.Net.Mcp", "Quant.Infra.Net.Mcp\Quant.Infra.Net.Mcp.csproj", "{641D9D69-4F20-4D52-94AD-57E4A959744C}"
EndProject
Project("{FAE04EC0-301F-11D3-BF4B-00C04F79EFBC}") = "Quant.Infra.Net.Mcp.Tests", "Quant.Infra.Net.Mcp.Tests\Quant.Infra.Net.Mcp.Tests.csproj", "{C7B3582C-B874-40B9-8490-3CF5EACB24D3}"
EndProject
Global
	GlobalSection(SolutionConfigurationPlatforms) = preSolution
		Debug|Any CPU = Debug|Any CPU
		Debug|x64 = Debug|x64
		Debug|x86 = Debug|x86
		Release|Any CPU = Release|Any CPU
		Release|x64 = Release|x64
		Release|x86 = Release|x86
	EndGlobalSection
	GlobalSection(ProjectConfigurationPlatforms) = postSolution
		{51FE4E76-EBC7-4CAD-920F-9E9184C8381A}.Debug|Any CPU.ActiveCfg = Debug|Any CPU
		{51FE4E76-EBC7-4CAD-920F-9E9184C8381A}.Debug|Any CPU.Build.0 = Debug|Any CPU
		{51FE4E76-EBC7-4CAD-920F-9E9184C8381A}.Debug|x64.ActiveCfg = Debug|Any CPU
		{51FE4E76-EBC7-4CAD-920F-9E9184C8381A}.Debug|x64.Build.0 = Debug|Any CPU
		{51FE4E76-EBC7-4CAD-920F-9E9184C8381A}.Debug|x86.ActiveCfg = Debug|Any CPU
		{51FE4E76-EBC7-4CAD-920F-9E9184C8381A}.Debug|x86.Build.0 = Debug|Any CPU
		{51FE4E76-EBC7-4CAD-920F-9E9184C8381A}.Release|Any CPU.ActiveCfg = Release|Any CPU
		{51FE4E76-EBC7-4CAD-920F-9E9184C8381A}.Release|Any CPU.Build.0 = Release|Any CPU
		{51FE4E76-EBC7-4CAD-920F-9E9184C8381A}.Release|x64.ActiveCfg = Release|Any CPU
		{51FE4E76-EBC7-4CAD-920F-9E9184C8381A}.Release|x64.Build.0 = Release|Any CPU
		{51FE4E76-EBC7-4CAD-920F-9E9184C8381A}.Release|x86.ActiveCfg = Release|Any CPU
		{51FE4E76-EBC7-4CAD-920F-9E9184C8381A}.Release|x86.Build.0 = Release|Any CPU
		{70E19226-664D-495E-A609-AE8ECC266F26}.Debug|Any CPU.ActiveCfg = Debug|Any CPU
		{70E19226-664D-495E-A609-AE8ECC266F26}.Debug|Any CPU.Build.0 = Debug|Any CPU
		{70E19226-664D-495E-A609-AE8ECC266F26}.Debug|x64.ActiveCfg = Debug|Any CPU
		{70E19226-664D-495E-A609-AE8ECC266F26}.Debug|x64.Build.0 = Debug|Any CPU
		{70E19226-664D-495E-A609-AE8ECC266F26}.Debug|x86.ActiveCfg = Debug|Any CPU
		{70E19226-664D-495E-A609-AE8ECC266F26}.Debug|x86.Build.0 = Debug|Any CPU
		{70E19226-664D-495E-A609-AE8ECC266F26}.Release|Any CPU.ActiveCfg = Release|Any CPU
		{70E19226-664D-495E-A609-AE8ECC266F26}.Release|Any CPU.Build.0 = Release|Any CPU
		{70E19226-664D-495E-A609-AE8ECC266F26}.Release|x64.ActiveCfg = Release|Any CPU
		{70E19226-664D-495E-A609-AE8ECC266F26}.Release|x64.Build.0 = Release|Any CPU
		{70E19226-664D-495E-A609-AE8ECC266F26}.Release|x86.ActiveCfg = Release|Any CPU
		{70E19226-664D-495E-A609-AE8ECC266F26}.Release|x86.Build.0 = Release|Any CPU
		{A8370D05-04D8-BFDF-CCB8-EE75AC2E0E57}.Debug|Any CPU.ActiveCfg = Debug|Any CPU
		{A8370D05-04D8-BFDF-CCB8-EE75AC2E0E57}.Debug|Any CPU.Build.0 = Debug|Any CPU
		{A8370D05-04D8-BFDF-CCB8-EE75AC2E0E57}.Debug|x64.ActiveCfg = Debug|Any CPU
		{A8370D05-04D8-BFDF-CCB8-EE75AC2E0E57}.Debug|x64.Build.0 = Debug|Any CPU
		{A8370D05-04D8-BFDF-CCB8-EE75AC2E0E57}.Debug|x86.ActiveCfg = Debug|Any CPU
		{A8370D05-04D8-BFDF-CCB8-EE75AC2E0E57}.Debug|x86.Build.0 = Debug|Any CPU
		{A8370D05-04D8-BFDF-CCB8-EE75AC2E0E57}.Release|Any CPU.ActiveCfg = Release|Any CPU
		{A8370D05-04D8-BFDF-CCB8-EE75AC2E0E57}.Release|Any CPU.Build.0 = Release|Any CPU
		{A8370D05-04D8-BFDF-CCB8-EE75AC2E0E57}.Release|x64.ActiveCfg = Release|Any CPU
		{A8370D05-04D8-BFDF-CCB8-EE75AC2E0E57}.Release|x64.Build.0 = Release|Any CPU
		{A8370D05-04D8-BFDF-CCB8-EE75AC2E0E57}.Release|x86.ActiveCfg = Release|Any CPU
		{A8370D05-04D8-BFDF-CCB8-EE75AC2E0E57}.Release|x86.Build.0 = Release|Any CPU
		{89F34FEC-6272-4C4F-8BF3-A8565685DDC3}.Debug|Any CPU.ActiveCfg = Debug|Any CPU
		{89F34FEC-6272-4C4F-8BF3-A8565685DDC3}.Debug|Any CPU.Build.0 = Debug|Any CPU
		{89F34FEC-6272-4C4F-8BF3-A8565685DDC3}.Debug|x64.ActiveCfg = Debug|Any CPU
		{89F34FEC-6272-4C4F-8BF3-A8565685DDC3}.Debug|x64.Build.0 = Debug|Any CPU
		{89F34FEC-6272-4C4F-8BF3-A8565685DDC3}.Debug|x86.ActiveCfg = Debug|Any CPU
		{89F34FEC-6272-4C4F-8BF3-A8565685DDC3}.Debug|x86.Build.0 = Debug|Any CPU
		{89F34FEC-6272-4C4F-8BF3-A8565685DDC3}.Release|Any CPU.ActiveCfg = Release|Any CPU
		{89F34FEC-6272-4C4F-8BF3-A8565685DDC3}.Release|Any CPU.Build.0 = Release|Any CPU
		{89F34FEC-6272-4C4F-8BF3-A8565685DDC3}.Release|x64.ActiveCfg = Release|Any CPU
		{89F34FEC-6272-4C4F-8BF3-A8565685DDC3}.Release|x64.Build.0 = Release|Any CPU
		{89F34FEC-6272-4C4F-8BF3-A8565685DDC3}.Release|x86.ActiveCfg = Release|Any CPU
		{89F34FEC-6272-4C4F-8BF3-A8565685DDC3}.Release|x86.Build.0 = Release|Any CPU
		{2DE1F200-D5C7-44DA-8503-C02E2E4BD383}.Debug|Any CPU.ActiveCfg = Debug|Any CPU
		{2DE1F200-D5C7-44DA-8503-C02E2E4BD383}.Debug|Any CPU.Build.0 = Debug|Any CPU
		{2DE1F200-D5C7-44DA-8503-C02E2E4BD383}.Debug|x64.ActiveCfg = Debug|Any CPU
		{2DE1F200-D5C7-44DA-8503-C02E2E4BD383}.Debug|x64.Build.0 = Debug|Any CPU
		{2DE1F200-D5C7-44DA-8503-C02E2E4BD383}.Debug|x86.ActiveCfg = Debug|Any CPU
		{2DE1F200-D5C7-44DA-8503-C02E2E4BD383}.Debug|x86.Build.0 = Debug|Any CPU
		{2DE1F200-D5C7-44DA-8503-C02E2E4BD383}.Release|Any CPU.ActiveCfg = Release|Any CPU
		{2DE1F200-D5C7-44DA-8503-C02E2E4BD383}.Release|Any CPU.Build.0 = Release|Any CPU
		{2DE1F200-D5C7-44DA-8503-C02E2E4BD383}.Release|x64.ActiveCfg = Release|Any CPU
		{2DE1F200-D5C7-44DA-8503-C02E2E4BD383}.Release|x64.Build.0 = Release|Any CPU
		{2DE1F200-D5C7-44DA-8503-C02E2E4BD383}.Release|x86.ActiveCfg = Release|Any CPU
		{2DE1F200-D5C7-44DA-8503-C02E2E4BD383}.Release|x86.Build.0 = Release|Any CPU
		{D0F04AD8-DAFB-46FC-B050-285079B9E9E3}.Debug|Any CPU.ActiveCfg = Debug|Any CPU
		{D0F04AD8-DAFB-46FC-B050-285079B9E9E3}.Debug|Any CPU.Build.0 = Debug|Any CPU
		{D0F04AD8-DAFB-46FC-B050-285079B9E9E3}.Debug|x64.ActiveCfg = Debug|Any CPU
		{D0F04AD8-DAFB-46FC-B050-285079B9E9E3}.Debug|x64.Build.0 = Debug|Any CPU
		{D0F04AD8-DAFB-46FC-B050-285079B9E9E3}.Debug|x86.ActiveCfg = Debug|Any CPU
		{D0F04AD8-DAFB-46FC-B050-285079B9E9E3}.Debug|x86.Build.0 = Debug|Any CPU
		{D0F04AD8-DAFB-46FC-B050-285079B9E9E3}.Release|Any CPU.ActiveCfg = Release|Any CPU
		{D0F04AD8-DAFB-46FC-B050-285079B9E9E3}.Release|Any CPU.Build.0 = Release|Any CPU
		{D0F04AD8-DAFB-46FC-B050-285079B9E9E3}.Release|x64.ActiveCfg = Release|Any CPU
		{D0F04AD8-DAFB-46FC-B050-285079B9E9E3}.Release|x64.Build.0 = Release|Any CPU
		{D0F04AD8-DAFB-46FC-B050-285079B9E9E3}.Release|x86.ActiveCfg = Release|Any CPU
		{D0F04AD8-DAFB-46FC-B050-285079B9E9E3}.Release|x86.Build.0 = Release|Any CPU
		{3670F6E8-4E6D-41A9-9810-11F4103131B0}.Debug|Any CPU.ActiveCfg = Debug|Any CPU
		{3670F6E8-4E6D-41A9-9810-11F4103131B0}.Debug|Any CPU.Build.0 = Debug|Any CPU
		{3670F6E8-4E6D-41A9-9810-11F4103131B0}.Debug|x64.ActiveCfg = Debug|Any CPU
		{3670F6E8-4E6D-41A9-9810-11F4103131B0}.Debug|x64.Build.0 = Debug|Any CPU
		{3670F6E8-4E6D-41A9-9810-11F4103131B0}.Debug|x86.ActiveCfg = Debug|Any CPU
		{3670F6E8-4E6D-41A9-9810-11F4103131B0}.Debug|x86.Build.0 = Debug|Any CPU
		{3670F6E8-4E6D-41A9-9810-11F4103131B0}.Release|Any CPU.ActiveCfg = Release|Any CPU
		{3670F6E8-4E6D-41A9-9810-11F4103131B0}.Release|Any CPU.Build.0 = Release|Any CPU
		{3670F6E8-4E6D-41A9-9810-11F4103131B0}.Release|x64.ActiveCfg = Release|Any CPU
		{3670F6E8-4E6D-41A9-9810-11F4103131B0}.Release|x64.Build.0 = Release|Any CPU
		{3670F6E8-4E6D-41A9-9810-11F4103131B0}.Release|x86.ActiveCfg = Release|Any CPU
		{3670F6E8-4E6D-41A9-9810-11F4103131B0}.Release|x86.Build.0 = Release|Any CPU
		{E8716B97-B4FB-4E69-865F-EFD786B4F9E2}.Debug|Any CPU.ActiveCfg = Debug|Any CPU
		{E8716B97-B4FB-4E69-865F-EFD786B4F9E2}.Debug|Any CPU.Build.0 = Debug|Any CPU
		{E8716B97-B4FB-4E69-865F-EFD786B4F9E2}.Debug|x64.ActiveCfg = Debug|Any CPU
		{E8716B97-B4FB-4E69-865F-EFD786B4F9E2}.Debug|x64.Build.0 = Debug|Any CPU
		{E8716B97-B4FB-4E69-865F-EFD786B4F9E2}.Debug|x86.ActiveCfg = Debug|Any CPU
		{E8716B97-B4FB-4E69-865F-EFD786B4F9E2}.Debug|x86.Build.0 = Debug|Any CPU
		{E8716B97-B4FB-4E69-865F-EFD786B4F9E2}.Release|Any CPU.ActiveCfg = Release|Any CPU
		{E8716B97-B4FB-4E69-865F-EFD786B4F9E2}.Release|Any CPU.Build.0 = Release|Any CPU
		{E8716B97-B4FB-4E69-865F-EFD786B4F9E2}.Release|x64.ActiveCfg = Release|Any CPU
		{E8716B97-B4FB-4E69-865F-EFD786B4F9E2}.Release|x64.Build.0 = Release|Any CPU
		{E8716B97-B4FB-4E69-865F-EFD786B4F9E2}.Release|x86.ActiveCfg = Release|Any CPU
		{E8716B97-B4FB-4E69-865F-EFD786B4F9E2}.Release|x86.Build.0 = Release|Any CPU
		{27CF5905-48FD-42C5-9E9F-FE6ACC73419D}.Debug|Any CPU.ActiveCfg = Debug|Any CPU
		{27CF5905-48FD-42C5-9E9F-FE6ACC73419D}.Debug|Any CPU.Build.0 = Debug|Any CPU
		{27CF5905-48FD-42C5-9E9F-FE6ACC73419D}.Debug|x64.ActiveCfg = Debug|Any CPU
		{27CF5905-48FD-42C5-9E9F-FE6ACC73419D}.Debug|x64.Build.0 = Debug|Any CPU
		{27CF5905-48FD-42C5-9E9F-FE6ACC73419D}.Debug|x86.ActiveCfg = Debug|Any CPU
		{27CF5905-48FD-42C5-9E9F-FE6ACC73419D}.Debug|x86.Build.0 = Debug|Any CPU
		{27CF5905-48FD-42C5-9E9F-FE6ACC73419D}.Release|Any CPU.ActiveCfg = Release|Any CPU
		{27CF5905-48FD-42C5-9E9F-FE6ACC73419D}.Release|Any CPU.Build.0 = Release|Any CPU
		{27CF5905-48FD-42C5-9E9F-FE6ACC73419D}.Release|x64.ActiveCfg = Release|Any CPU
		{27CF5905-48FD-42C5-9E9F-FE6ACC73419D}.Release|x64.Build.0 = Release|Any CPU
		{27CF5905-48FD-42C5-9E9F-FE6ACC73419D}.Release|x86.ActiveCfg = Release|Any CPU
		{27CF5905-48FD-42C5-9E9F-FE6ACC73419D}.Release|x86.Build.0 = Release|Any CPU
		{8DE91F47-8CCE-47E2-9DB9-2E7EB8444CBC}.Debug|Any CPU.ActiveCfg = Debug|Any CPU
		{8DE91F47-8CCE-47E2-9DB9-2E7EB8444CBC}.Debug|Any CPU.Build.0 = Debug|Any CPU
		{8DE91F47-8CCE-47E2-9DB9-2E7EB8444CBC}.Debug|x64.ActiveCfg = Debug|Any CPU
		{8DE91F47-8CCE-47E2-9DB9-2E7EB8444CBC}.Debug|x64.Build.0 = Debug|Any CPU
		{8DE91F47-8CCE-47E2-9DB9-2E7EB8444CBC}.Debug|x86.ActiveCfg = Debug|Any CPU
		{8DE91F47-8CCE-47E2-9DB9-2E7EB8444CBC}.Debug|x86.Build.0 = Debug|Any CPU
		{8DE91F47-8CCE-47E2-9DB9-2E7EB8444CBC}.Release|Any CPU.ActiveCfg = Release|Any CPU
		{8DE91F47-8CCE-47E2-9DB9-2E7EB8444CBC}.Release|Any CPU.Build.0 = Release|Any CPU
		{8DE91F47-8CCE-47E2-9DB9-2E7EB8444CBC}.Release|x64.ActiveCfg = Release|Any CPU
		{8DE91F47-8CCE-47E2-9DB9-2E7EB8444CBC}.Release|x64.Build.0 = Release|Any CPU
		{8DE91F47-8CCE-47E2-9DB9-2E7EB8444CBC}.Release|x86.ActiveCfg = Release|Any CPU
		{8DE91F47-8CCE-47E2-9DB9-2E7EB8444CBC}.Release|x86.Build.0 = Release|Any CPU
		{641D9D69-4F20-4D52-94AD-57E4A959744C}.Debug|Any CPU.ActiveCfg = Debug|Any CPU
		{641D9D69-4F20-4D52-94AD-57E4A959744C}.Debug|Any CPU.Build.0 = Debug|Any CPU
		{641D9D69-4F20-4D52-94AD-57E4A959744C}.Debug|x64.ActiveCfg = Debug|Any CPU
		{641D9D69-4F20-4D52-94AD-57E4A959744C}.Debug|x64.Build.0 = Debug|Any CPU
		{641D9D69-4F20-4D52-94AD-57E4A959744C}.Debug|x86.ActiveCfg = Debug|Any CPU
		{641D9D69-4F20-4D52-94AD-57E4A959744C}.Debug|x86.Build.0 = Debug|Any CPU
		{641D9D69-4F20-4D52-94AD-57E4A959744C}.Release|Any CPU.ActiveCfg = Release|Any CPU
		{641D9D69-4F20-4D52-94AD-57E4A959744C}.Release|Any CPU.Build.0 = Release|Any CPU
		{641D9D69-4F20-4D52-94AD-57E4A959744C}.Release|x64.ActiveCfg = Release|Any CPU
		{641D9D69-4F20-4D52-94AD-57E4A959744C}.Release|x64.Build.0 = Release|Any CPU
		{641D9D69-4F20-4D52-94AD-57E4A959744C}.Release|x86.ActiveCfg = Release|Any CPU
		{641D9D69-4F20-4D52-94AD-57E4A959744C}.Release|x86.Build.0 = Release|Any CPU
		{C7B3582C-B874-40B9-8490-3CF5EACB24D3}.Debug|Any CPU.ActiveCfg = Debug|Any CPU
		{C7B3582C-B874-40B9-8490-3CF5EACB24D3}.Debug|Any CPU.Build.0 = Debug|Any CPU
		{C7B3582C-B874-40B9-8490-3CF5EACB24D3}.Debug|x64.ActiveCfg = Debug|Any CPU
		{C7B3582C-B874-40B9-8490-3CF5EACB24D3}.Debug|x64.Build.0 = Debug|Any CPU
		{C7B3582C-B874-40B9-8490-3CF5EACB24D3}.Debug|x86.ActiveCfg = Debug|Any CPU
		{C7B3582C-B874-40B9-8490-3CF5EACB24D3}.Debug|x86.Build.0 = Debug|Any CPU
		{C7B3582C-B874-40B9-8490-3CF5EACB24D3}.Release|Any CPU.ActiveCfg = Release|Any CPU
		{C7B3582C-B874-40B9-8490-3CF5EACB24D3}.Release|Any CPU.Build.0 = Release|Any CPU
		{C7B3582C-B874-40B9-8490-3CF5EACB24D3}.Release|x64.ActiveCfg = Release|Any CPU
		{C7B3582C-B874-40B9-8490-3CF5EACB24D3}.Release|x64.Build.0 = Release|Any CPU
		{C7B3582C-B874-40B9-8490-3CF5EACB24D3}.Release|x86.ActiveCfg = Release|Any CPU
		{C7B3582C-B874-40B9-8490-3CF5EACB24D3}.Release|x86.Build.0 = Release|Any CPU
	EndGlobalSection
	GlobalSection(SolutionProperties) = preSolution
		HideSolutionNode = FALSE
	EndGlobalSection
	GlobalSection(ExtensibilityGlobals) = postSolution
		SolutionGuid = {32161C17-D81E-4AF5-A8E8-D9C05F8E7808}
	EndGlobalSection
EndGlobal
