
Microsoft Visual Studio Solution File, Format Version 12.00
# Visual Studio Version 18
VisualStudioVersion = 18.3.11527.330
MinimumVisualStudioVersion = 10.0.40219.1
Project("{9A19103F-16F7-4668-BE54-9A1E7A4F7556}") = "Quant.Infra.Net.Tests", "Quant.Infra.Net.Tests\Quant.Infra.Net.Tests.csproj", "{51FE4E76-EBC7-4CAD-920F-9E9184C8381A}"
EndProject
Project("{9A19103F-16F7-4668-BE54-9A1E7A4F7556}") = "Quant.Infra.Net", "Quant.Infra.Net\Quant.Infra.Net.csproj", "{70E19226-664D-495E-A609-AE8ECC266F26}"
EndProject
Project("{FAE04EC0-301F-11D3-BF4B-00C04F79EFBC}") = "MyQuantApp", "MyQuantApp\MyQuantApp.csproj", "{A8370D05-04D8-BFDF-CCB8-EE75AC2E0E57}"
EndProject
Project("{FAE04EC0-301F-11D3-BF4B-00C04F79EFBC}") = "Quant.Infra.Net.Orchestration", "Quant.Infra.Net.Orchestration\Quant.Infra.Net.Orchestration.csproj", "{89F34FEC-6272-4C4F-8BF3-A8565685DDC3}"
EndProject
Project("{FAE04EC0-301F-11D3-BF4B-00C04F79EFBC}") = "Quant.Infra.Net.Orchestration.Tests", "Quant.Infra.Net.Orchestration.Tests\Quant.Infra.Net.Orchestration.Tests.csproj", "{2DE1F200-D5C7-44DA-8503-C02E2E4BD383}"
EndProject
Project("{FAE04EC0-301F-11D3-BF4B-00C04F79EFBC}") = "Quant.Infra.Net.Orchestration.Console", "Quant.Infra.Net.Orchestration.Console\Quant.Infra.Net.Orchestration.Console.csproj", "{E2C8CBA4-C310-4F50-96AA-79BF60772F4A}"
EndProject
Project("{FAE04EC0-301F-11D3-BF4B-00C04F79EFBC}") = "Quant.Infra.Net.Backtest", "Quant.Infra.Net.Backtest\Quant.Infra.Net.Backtest.csproj", "{D0F04AD8-DAFB-46FC-B050-285079B9E9E3}"
EndProject
Project("{FAE04EC0-301F-11D3-BF4B-00C04F79EFBC}") = "Quant.Infra.Net.Backtest.Tests", "Quant.Infra.Net.Backtest.Tests\Quant.Infra.Net.Backtest.Tests.csproj", "{3670F6E8-4E6D-41A9-9810-11F4103131B0}"
EndProject
Project("{FAE04EC0-301F-11D3-BF4B-00C04F79EFBC}") = "Quant.Infra.Net.Backtest.Console", "Quant.Infra.Net.Backtest.Console\Quant.Infra.Net.Backtest.Console.csproj", "{6F5E004C-21F3-4593-8443-827ED26DC220}"
EndProject
Global
	GlobalSection(SolutionConfigurationPlatforms) = preSolution
		Debug|Any CPU = Debug|Any CPU
		Debug|x64 = Debug|x64
		Debug|x86 = Debug|x86
		Release|Any CPU = Release|Any CPU
		Release|x64 = Release|x64
		Release|x86 = Release|x86
	EndGlobalSection
	GlobalSection(ProjectConfigurationPlatforms) = postSolution
		{51FE4E76-EBC7-4CAD-920F-9E9184C8381A}.Debug|Any CPU.ActiveCfg = Debug|Any CPU
		{51FE4E76-EBC7-4CAD-920F-9E9184C8381A}.Debug|Any CPU.Build.0 = Debug|Any CPU
		{51FE4E76-EBC7-4CAD-920F-9E9184C8381A}.Debug|x64.ActiveCfg = Debug|Any CPU
		{51FE4E76-EBC7-4CAD-920F-9E9184C8381A}.Debug|x64.Build.0 = Debug|Any CPU
		{51FE4E76-EBC7-4CAD-920F-9E9184C8381A}.Debug|x86.ActiveCfg = Debug|Any CPU
		{51FE4E76-EBC7-4CAD-920F-9E9184C8381A}.Debug|x86.Build.0 = Debug|Any CPU
		{51FE4E76-EBC7-4CAD-920F-9E9184C8381A}.Release|Any CPU.ActiveCfg = Release|Any CPU
		{51FE4E76-EBC7-4CAD-920F-9E9184C8381A}.Release|Any CPU.Build.0 = Release|Any CPU
		{51FE4E76-EBC7-4CAD-920F-9E9184C8381A}.Release|x64.ActiveCfg = Release|Any CPU
		{51FE4E76-EBC7-4CAD-920F-9E9184C8381A}.Release|x64.Build.0 = Release|Any CPU
		{51FE4E76-EBC7-4CAD-920F-9E9184C8381A}.Release|x86.ActiveCfg = Release|Any CPU
		{51FE4E76-EBC7-4CAD-920F-9E9184C8381A}.Release|x86.Build.0 = Release|Any CPU
		{70E19226-664D-495E-A609-AE8ECC266F26}.Debug|Any CPU.ActiveCfg = Debug|Any CPU
		{70E19226-664D-495E-A609-AE8ECC266F26}.Debug|Any CPU.Build.0 = Debug|Any CPU
		{70E19226-664D-495E-A609-AE8ECC266F26}.Debug|x64.ActiveCfg = Debug|Any CPU
		{70E19226-664D-495E-A609-AE8ECC266F26}.Debug|x64.Build.0 = Debug|Any CPU
		{70E19226-664D-495E-A609-AE8ECC266F26}.Debug|x86.ActiveCfg = Debug|Any CPU
		{70E19226-664D-495E-A609-AE8ECC266F26}.Debug|x86.Build.0 = Debug|Any CPU
		{70E19226-664D-495E-A609-AE8ECC266F26}.Release|Any CPU.ActiveCfg = Release|Any CPU
		{70E19226-664D-495E-A609-AE8ECC266F26}.Release|Any CPU.Build.0 = Release|Any CPU
		{70E19226-664D-495E-A609-AE8ECC266F26}.Release|x64.ActiveCfg = Release|Any CPU
		{70E19226-664D-495E-A609-AE8ECC266F26}.Release|x64.Build.0 = Release|Any CPU
		{70E19226-664D-495E-A609-AE8ECC266F26}.Release|x86.ActiveCfg = Release|Any CPU
		{70E19226-664D-495E-A609-AE8ECC266F26}.Release|x86.Build.0 = Release|Any CPU
		{A8370D05-04D8-BFDF-CCB8-EE75AC2E0E57}.Debug|Any CPU.ActiveCfg = Debug|Any CPU
		{A8370D05-04D8-BFDF-CCB8-EE75AC2E0E57}.Debug|Any CPU.Build.0 = Debug|Any CPU
		{A8370D05-04D8-BFDF-CCB8-EE75AC2E0E57}.Debug|x64.ActiveCfg = Debug|Any CPU
		{A8370D05-04D8-BFDF-CCB8-EE75AC2E0E57}.Debug|x64.Build.0 = Debug|Any CPU
		{A8370D05-04D8-BFDF-CCB8-EE75AC2E0E57}.Debug|x86.ActiveCfg = Debug|Any CPU
		{A8370D05-04D8-BFDF-CCB8-EE75AC2E0E57}.Debug|x86.Build.0 = Debug|Any CPU
		{A8370D05-04D8-BFDF-CCB8-EE75AC2E0E57}.Release|Any CPU.ActiveCfg = Release|Any CPU
		{A8370D05-04D8-BFDF-CCB8-EE75AC2E0E57}.Release|Any CPU.Build.0 = Release|Any CPU
		{A8370D05-04D8-BFDF-CCB8-EE75AC2E0E57}.Release|x64.ActiveCfg = Release|Any CPU
		{A8370D05-04D8-BFDF-CCB8-EE75AC2E0E57}.Release|x64.Build.0 = Release|Any CPU
		{A8370D05-04D8-BFDF-CCB8-EE75AC2E0E57}.Release|x86.ActiveCfg = Release|Any CPU
		{A8370D05-04D8-BFDF-CCB8-EE75AC2E0E57}.Release|x86.Build.0 = Release|Any CPU
		{89F34FEC-6272-4C4F-8BF3-A8565685DDC3}.Debug|Any CPU.ActiveCfg = Debug|Any CPU
		{89F34FEC-6272-4C4F-8BF3-A8565685DDC3}.Debug|Any CPU.Build.0 = Debug|Any CPU
		{89F34FEC-6272-4C4F-8BF3-A8565685DDC3}.Debug|x64.ActiveCfg = Debug|Any CPU
		{89F34FEC-6272-4C4F-8BF3-A8565685DDC3}.Debug|x64.Build.0 = Debug|Any CPU
		{89F34FEC-6272-4C4F-8BF3-A8565685DDC3}.Debug|x86.ActiveCfg = Debug|Any CPU
		{89F34FEC-6272-4C4F-8BF3-A8565685DDC3}.Debug|x86.Build.0 = Debug|Any CPU
		{89F34FEC-6272-4C4F-8BF3-A8565685DDC3}.Release|Any CPU.ActiveCfg = Release|Any CPU
		{89F34FEC-6272-4C4F-8BF3-A8565685DDC3}.Release|Any CPU.Build.0 = Release|Any CPU
		{89F34FEC-6272-4C4F-8BF3-A8565685DDC3}.Release|x64.ActiveCfg = Release|Any CPU
		{89F34FEC-6272-4C4F-8BF3-A8565685DDC3}.Release|x64.Build.0 = Release|Any CPU
		{89F34FEC-6272-4C4F-8BF3-A8565685DDC3}.Release|x86.ActiveCfg = Release|Any CPU
		{89F34FEC-6272-4C4F-8BF3-A8565685DDC3}.Release|x86.Build.0 = Release|Any CPU
		{2DE1F200-D5C7-44DA-8503-C02E2E4BD383}.Debug|Any CPU.ActiveCfg = Debug|Any CPU
		{2DE1F200-D5C7-44DA-8503-C02E2E4BD383}.Debug|Any CPU.Build.0 = Debug|Any CPU
		{2DE1F200-D5C7-44DA-8503-C02E2E4BD383}.Debug|x64.ActiveCfg = Debug|Any CPU
		{2DE1F200-D5C7-44DA-8503-C02E2E4BD383}.Debug|x64.Build.0 = Debug|Any CPU
		{2DE1F200-D5C7-44DA-8503-C02E2E4BD383}.Debug|x86.ActiveCfg = Debug|Any CPU
		{2DE1F200-D5C7-44DA-8503-C02E2E4BD383}.Debug|x86.Build.0 = Debug|Any CPU
		{2DE1F200-D5C7-44DA-8503-C02E2E4BD383}.Release|Any CPU.ActiveCfg = Release|Any CPU
		{2DE1F200-D5C7-44DA-8503-C02E2E4BD383}.Release|Any CPU.Build.0 = Release|Any CPU
		{2DE1F200-D5C7-44DA-8503-C02E2E4BD383}.Release|x64.ActiveCfg = Release|Any CPU
		{2DE1F200-D5C7-44DA-8503-C02E2E4BD383}.Release|x64.Build.0 = Release|Any CPU
		{2DE1F200-D5C7-44DA-8503-C02E2E4BD383}.Release|x86.ActiveCfg = Release|Any CPU
		{2DE1F200-D5C7-44DA-8503-C02E2E4BD383}.Release|x86.Build.0 = Release|Any CPU
		{E2C8CBA4-C310-4F50-96AA-79BF60772F4A}.Debug|Any CPU.ActiveCfg = Debug|Any CPU
		{E2C8CBA4-C310-4F50-96AA-79BF60772F4A}.Debug|Any CPU.Build.0 = Debug|Any CPU
		{E2C8CBA4-C310-4F50-96AA-79BF60772F4A}.Debug|x64.ActiveCfg = Debug|Any CPU
		{E2C8CBA4-C310-4F50-96AA-79BF60772F4A}.Debug|x64.Build.0 = Debug|Any CPU
		{E2C8CBA4-C310-4F50-96AA-79BF60772F4A}.Debug|x86.ActiveCfg = Debug|Any CPU
		{E2C8CBA4-C310-4F50-96AA-79BF60772F4A}.Debug|x86.Build.0 = Debug|Any CPU
		{E2C8CBA4-C310-4F50-96AA-79BF60772F4A}.Release|Any CPU.ActiveCfg = Release|Any CPU
		{E2C8CBA4-C310-4F50-96AA-79BF60772F4A}.Release|Any CPU.Build.0 = Release|Any CPU
		{E2C8CBA4-C310-4F50-96AA-79BF60772F4A}.Release|x64.ActiveCfg = Release|Any CPU
		{E2C8CBA4-C310-4F50-96AA-79BF60772F4A}.Release|x64.Build.0 = Release|Any CPU
		{E2C8CBA4-C310-4F50-96AA-79BF60772F4A}.Release|x86.ActiveCfg = Release|Any CPU
		{E2C8CBA4-C310-4F50-96AA-79BF60772F4A}.Release|x86.Build.0 = Release|Any CPU
		{D0F04AD8-DAFB-46FC-B050-285079B9E9E3}.Debug|Any CPU.ActiveCfg = Debug|Any CPU
		{D0F04AD8-DAFB-46FC-B050-285079B9E9E3}.Debug|Any CPU.Build.0 = Debug|Any CPU
		{D0F04AD8-DAFB-46FC-B050-285079B9E9E3}.Debug|x64.ActiveCfg = Debug|Any CPU
		{D0F04AD8-DAFB-46FC-B050-285079B9E9E3}.Debug|x64.Build.0 = Debug|Any CPU
		{D0F04AD8-DAFB-46FC-B050-285079B9E9E3}.Debug|x86.ActiveCfg = Debug|Any CPU
		{D0F04AD8-DAFB-46FC-B050-285079B9E9E3}.Debug|x86.Build.0 = Debug|Any CPU
		{D0F04AD8-DAFB-46FC-B050-285079B9E9E3}.Release|Any CPU.ActiveCfg = Release|Any CPU
		{D0F04AD8-DAFB-46FC-B050-285079B9E9E3}.Release|Any CPU.Build.0 = Release|Any CPU
		{D0F04AD8-DAFB-46FC-B050-285079B9E9E3}.Release|x64.ActiveCfg = Release|Any CPU
		{D0F04AD8-DAFB-46FC-B050-285079B9E9E3}.Release|x64.Build.0 = Release|Any CPU
		{D0F04AD8-DAFB-46FC-B050-285079B9E9E3}.Release|x86.ActiveCfg = Release|Any CPU
		{D0F04AD8-DAFB-46FC-B050-285079B9E9E3}.Release|x86.Build.0 = Release|Any CPU
		{3670F6E8-4E6D-41A9-9810-11F4103131B0}.Debug|Any CPU.ActiveCfg = Debug|Any CPU
		{3670F6E8-4E6D-41A9-9810-11F4103131B0}.Debug|Any CPU.Build.0 = Debug|Any CPU
		{3670F6E8-4E6D-41A9-9810-11F4103131B0}.Debug|x64.ActiveCfg = Debug|Any CPU
		{3670F6E8-4E6D-41A9-9810-11F4103131B0}.Debug|x64.Build.0 = Debug|Any CPU
		{3670F6E8-4E6D-41A9-9810-11F4103131B0}.Debug|x86.ActiveCfg = Debug|Any CPU
		{3670F6E8-4E6D-41A9-9810-11F4103131B0}.Debug|x86.Build.0 = Debug|Any CPU
		{3670F6E8-4E6D-41A9-9810-11F4103131B0}.Release|Any CPU.ActiveCfg = Release|Any CPU
		{3670F6E8-4E6D-41A9-9810-11F4103131B0}.Release|Any CPU.Build.0 = Release|Any CPU
		{3670F6E8-4E6D-41A9-9810-11F4103131B0}.Release|x64.ActiveCfg = Release|Any CPU
		{3670F6E8-4E6D-41A9-9810-11F4103131B0}.Release|x64.Build.0 = Release|Any CPU
		{3670F6E8-4E6D-41A9-9810-11F4103131B0}.Release|x86.ActiveCfg = Release|Any CPU
		{3670F6E8-4E6D-41A9-9810-11F4103131B0}.Release|x86.Build.0 = Release|Any CPU
		{6F5E004C-21F3-4593-8443-827ED26DC220}.Debug|Any CPU.ActiveCfg = Debug|Any CPU
		{6F5E004C-21F3-4593-8443-827ED26DC220}.Debug|Any CPU.Build.0 = Debug|Any CPU
		{6F5E004C-21F3-4593-8443-827ED26DC220}.Debug|x64.ActiveCfg = Debug|Any CPU
		{6F5E004C-21F3-4593-8443-827ED26DC220}.Debug|x64.Build.0 = Debug|Any CPU
		{6F5E004C-21F3-4593-8443-827ED26DC220}.Debug|x86.ActiveCfg = Debug|Any CPU
		{6F5E004C-21F3-4593-8443-827ED26DC220}.Debug|x86.Build.0 = Debug|Any CPU
		{6F5E004C-21F3-4593-8443-827ED26DC220}.Release|Any CPU.ActiveCfg = Release|Any CPU
		{6F5E004C-21F3-4593-8443-827ED26DC220}.Release|Any CPU.Build.0 = Release|Any CPU
		{6F5E004C-21F3-4593-8443-827ED26DC220}.Release|x64.ActiveCfg = Release|Any CPU
		{6F5E004C-21F3-4593-8443-827ED26DC220}.Release|x64.Build.0 = Release|Any CPU
		{6F5E004C-21F3-4593-8443-827ED26DC220}.Release|x86.ActiveCfg = Release|Any CPU
		{6F5E004C-21F3-4593-8443-827ED26DC220}.Release|x86.Build.0 = Release|Any CPU
	EndGlobalSection
	GlobalSection(SolutionProperties) = preSolution
		HideSolutionNode = FALSE
	EndGlobalSection
	GlobalSection(ExtensibilityGlobals) = postSolution
		SolutionGuid = {32161C17-D81E-4AF5-A8E8-D9C05F8E7808}
	EndGlobalSection
EndGlobal
